// !$*UTF8*$!
{
	archiveVersion = 1;
	classes = {
	};
	objectVersion = 51;
	objects = {

/* Begin PBXBuildFile section */
		306DD1F325008EF3001358C2 /* AppDelegate.m in Sources */ = {isa = PBXBuildFile; fileRef = 306DD1F225008EF3001358C2 /* AppDelegate.m */; };
		306DD1F625008EF3001358C2 /* SceneDelegate.m in Sources */ = {isa = PBXBuildFile; fileRef = 306DD1F525008EF3001358C2 /* SceneDelegate.m */; };
		306DD1F925008EF3001358C2 /* ViewController.m in Sources */ = {isa = PBXBuildFile; fileRef = 306DD1F825008EF3001358C2 /* ViewController.m */; };
		306DD1FC25008EF3001358C2 /* Main.storyboard in Resources */ = {isa = PBXBuildFile; fileRef = 306DD1FA25008EF3001358C2 /* Main.storyboard */; };
		306DD1FE25008EF5001358C2 /* Assets.xcassets in Resources */ = {isa = PBXBuildFile; fileRef = 306DD1FD25008EF5001358C2 /* Assets.xcassets */; };
		306DD20125008EF5001358C2 /* LaunchScreen.storyboard in Resources */ = {isa = PBXBuildFile; fileRef = 306DD1FF25008EF5001358C2 /* LaunchScreen.storyboard */; };
		306DD20425008EF5001358C2 /* main.m in Sources */ = {isa = PBXBuildFile; fileRef = 306DD20325008EF5001358C2 /* main.m */; };
		CBAA87699D09CCB734E493DF /* Pods_Deary.framework in Frameworks */ = {isa = PBXBuildFile; fileRef = C3DD3DC1A2AA233D38AFC6A2 /* Pods_Deary.framework */; };
/* End PBXBuildFile section */

/* Begin PBXFileReference section */
		306DD1EE25008EF3001358C2 /* Deary.app */ = {isa = PBXFileReference; explicitFileType = wrapper.application; includeInIndex = 0; path = Deary.app; sourceTree = BUILT_PRODUCTS_DIR; };
		306DD1F125008EF3001358C2 /* AppDelegate.h */ = {isa = PBXFileReference; lastKnownFileType = sourcecode.c.h; path = AppDelegate.h; sourceTree = "<group>"; };
		306DD1F225008EF3001358C2 /* AppDelegate.m */ = {isa = PBXFileReference; lastKnownFileType = sourcecode.c.objc; path = AppDelegate.m; sourceTree = "<group>"; };
		306DD1F425008EF3001358C2 /* SceneDelegate.h */ = {isa = PBXFileReference; lastKnownFileType = sourcecode.c.h; path = SceneDelegate.h; sourceTree = "<group>"; };
		306DD1F525008EF3001358C2 /* SceneDelegate.m */ = {isa = PBXFileReference; lastKnownFileType = sourcecode.c.objc; path = SceneDelegate.m; sourceTree = "<group>"; };
		306DD1F725008EF3001358C2 /* ViewController.h */ = {isa = PBXFileReference; lastKnownFileType = sourcecode.c.h; path = ViewController.h; sourceTree = "<group>"; };
		306DD1F825008EF3001358C2 /* ViewController.m */ = {isa = PBXFileReference; lastKnownFileType = sourcecode.c.objc; path = ViewController.m; sourceTree = "<group>"; };
		306DD1FB25008EF3001358C2 /* Base */ = {isa = PBXFileReference; lastKnownFileType = file.storyboard; name = Base; path = Base.lproj/Main.storyboard; sourceTree = "<group>"; };
		306DD1FD25008EF5001358C2 /* Assets.xcassets */ = {isa = PBXFileReference; lastKnownFileType = folder.assetcatalog; path = Assets.xcassets; sourceTree = "<group>"; };
		306DD20025008EF5001358C2 /* Base */ = {isa = PBXFileReference; lastKnownFileType = file.storyboard; name = Base; path = Base.lproj/LaunchScreen.storyboard; sourceTree = "<group>"; };
		306DD20225008EF5001358C2 /* Info.plist */ = {isa = PBXFileReference; lastKnownFileType = text.plist.xml; path = Info.plist; sourceTree = "<group>"; };
		306DD20325008EF5001358C2 /* main.m */ = {isa = PBXFileReference; lastKnownFileType = sourcecode.c.objc; path = main.m; sourceTree = "<group>"; };
		9BDCC7A804536921B3EA0353 /* Pods-Deary.release.xcconfig */ = {isa = PBXFileReference; includeInIndex = 1; lastKnownFileType = text.xcconfig; name = "Pods-Deary.release.xcconfig"; path = "Target Support Files/Pods-Deary/Pods-Deary.release.xcconfig"; sourceTree = "<group>"; };
		A06A41FADE3C35EF59675FB8 /* Pods-Deary.debug.xcconfig */ = {isa = PBXFileReference; includeInIndex = 1; lastKnownFileType = text.xcconfig; name = "Pods-Deary.debug.xcconfig"; path = "Target Support Files/Pods-Deary/Pods-Deary.debug.xcconfig"; sourceTree = "<group>"; };
		C3DD3DC1A2AA233D38AFC6A2 /* Pods_Deary.framework */ = {isa = PBXFileReference; explicitFileType = wrapper.framework; includeInIndex = 0; path = Pods_Deary.framework; sourceTree = BUILT_PRODUCTS_DIR; };
/* End PBXFileReference section */

/* Begin PBXFrameworksBuildPhase section */
		306DD1EB25008EF3001358C2 /* Frameworks */ = {
			isa = PBXFrameworksBuildPhase;
			buildActionMask = 2147483647;
			files = (
				CBAA87699D09CCB734E493DF /* Pods_Deary.framework in Frameworks */,
			);
			runOnlyForDeploymentPostprocessing = 0;
		};
/* End PBXFrameworksBuildPhase section */

/* Begin PBXGroup section */
		1247F98E9AE723D9D2DEC05C /* Pods */ = {
			isa = PBXGroup;
			children = (
				A06A41FADE3C35EF59675FB8 /* Pods-Deary.debug.xcconfig */,
				9BDCC7A804536921B3EA0353 /* Pods-Deary.release.xcconfig */,
			);
			path = Pods;
			sourceTree = "<group>";
		};
		306DD1E525008EF3001358C2 = {
			isa = PBXGroup;
			children = (
				306DD1F025008EF3001358C2 /* Deary */,
				306DD1EF25008EF3001358C2 /* Products */,
				1247F98E9AE723D9D2DEC05C /* Pods */,
				8B676573044B27DC0125D951 /* Frameworks */,
			);
			sourceTree = "<group>";
		};
		306DD1EF25008EF3001358C2 /* Products */ = {
			isa = PBXGroup;
			children = (
				306DD1EE25008EF3001358C2 /* Deary.app */,
			);
			name = Products;
			sourceTree = "<group>";
		};
		306DD1F025008EF3001358C2 /* Deary */ = {
			isa = PBXGroup;
			children = (
				306DD1F125008EF3001358C2 /* AppDelegate.h */,
				306DD1F225008EF3001358C2 /* AppDelegate.m */,
				306DD1F425008EF3001358C2 /* SceneDelegate.h */,
				306DD1F525008EF3001358C2 /* SceneDelegate.m */,
				306DD1F725008EF3001358C2 /* ViewController.h */,
				306DD1F825008EF3001358C2 /* ViewController.m */,
				306DD1FA25008EF3001358C2 /* Main.storyboard */,
				306DD1FD25008EF5001358C2 /* Assets.xcassets */,
				306DD1FF25008EF5001358C2 /* LaunchScreen.storyboard */,
				306DD20225008EF5001358C2 /* Info.plist */,
				306DD20325008EF5001358C2 /* main.m */,
			);
			path = Deary;
			sourceTree = "<group>";
		};
		8B676573044B27DC0125D951 /* Frameworks */ = {
			isa = PBXGroup;
			children = (
				C3DD3DC1A2AA233D38AFC6A2 /* Pods_Deary.framework */,
			);
			name = Frameworks;
			sourceTree = "<group>";
		};
/* End PBXGroup section */

/* Begin PBXNativeTarget section */
		306DD1ED25008EF3001358C2 /* Deary */ = {
			isa = PBXNativeTarget;
			buildConfigurationList = 306DD20725008EF5001358C2 /* Build configuration list for PBXNativeTarget "Deary" */;
			buildPhases = (
				734347FF3B4D3C8D2AEA7407 /* [CP] Check Pods Manifest.lock */,
				D71AB6D2B53D3E170A6120B8 /* [CP-User] Run Flutter Build deary_flutter_module Script */,
				306DD1EA25008EF3001358C2 /* Sources */,
				306DD1EB25008EF3001358C2 /* Frameworks */,
				306DD1EC25008EF3001358C2 /* Resources */,
				8AFA1FDC188B2E5858AD3299 /* [CP] Embed Pods Frameworks */,
			);
			buildRules = (
			);
			dependencies = (
			);
			name = Deary;
			productName = Deary;
			productReference = 306DD1EE25008EF3001358C2 /* Deary.app */;
			productType = "com.apple.product-type.application";
		};
/* End PBXNativeTarget section */

/* Begin PBXProject section */
		306DD1E625008EF3001358C2 /* Project object */ = {
			isa = PBXProject;
			attributes = {
				LastUpgradeCheck = 1150;
				ORGANIZATIONNAME = zhoujun;
				TargetAttributes = {
					306DD1ED25008EF3001358C2 = {
						CreatedOnToolsVersion = 11.5;
					};
				};
			};
			buildConfigurationList = 306DD1E925008EF3001358C2 /* Build configuration list for PBXProject "Deary" */;
			compatibilityVersion = "Xcode 9.3";
			developmentRegion = en;
			hasScannedForEncodings = 0;
			knownRegions = (
				en,
				Base,
			);
			mainGroup = 306DD1E525008EF3001358C2;
			productRefGroup = 306DD1EF25008EF3001358C2 /* Products */;
			projectDirPath = "";
			projectRoot = "";
			targets = (
				306DD1ED25008EF3001358C2 /* Deary */,
			);
		};
/* End PBXProject section */

/* Begin PBXResourcesBuildPhase section */
		306DD1EC25008EF3001358C2 /* Resources */ = {
			isa = PBXResourcesBuildPhase;
			buildActionMask = 2147483647;
			files = (
				306DD20125008EF5001358C2 /* LaunchScreen.storyboard in Resources */,
				306DD1FE25008EF5001358C2 /* Assets.xcassets in Resources */,
				306DD1FC25008EF3001358C2 /* Main.storyboard in Resources */,
			);
			runOnlyForDeploymentPostprocessing = 0;
		};
/* End PBXResourcesBuildPhase section */

/* Begin PBXShellScriptBuildPhase section */
		734347FF3B4D3C8D2AEA7407 /* [CP] Check Pods Manifest.lock */ = {
			isa = PBXShellScriptBuildPhase;
			buildActionMask = 2147483647;
			files = (
			);
			inputFileListPaths = (
			);
			inputPaths = (
				"${PODS_PODFILE_DIR_PATH}/Podfile.lock",
				"${PODS_ROOT}/Manifest.lock",
			);
			name = "[CP] Check Pods Manifest.lock";
			outputFileListPaths = (
			);
			outputPaths = (
				"$(DERIVED_FILE_DIR)/Pods-Deary-checkManifestLockResult.txt",
			);
			runOnlyForDeploymentPostprocessing = 0;
			shellPath = /bin/sh;
			shellScript = "diff \"${PODS_PODFILE_DIR_PATH}/Podfile.lock\" \"${PODS_ROOT}/Manifest.lock\" > /dev/null\nif [ $? != 0 ] ; then\n    # print error to STDERR\n    echo \"error: The sandbox is not in sync with the Podfile.lock. Run 'pod install' or update your CocoaPods installation.\" >&2\n    exit 1\nfi\n# This output is used by Xcode 'outputs' to avoid re-running this script phase.\necho \"SUCCESS\" > \"${SCRIPT_OUTPUT_FILE_0}\"\n";
			showEnvVarsInLog = 0;
		};
		8AFA1FDC188B2E5858AD3299 /* [CP] Embed Pods Frameworks */ = {
			isa = PBXShellScriptBuildPhase;
			buildActionMask = 2147483647;
			files = (
			);
			inputFileListPaths = (
				"${PODS_ROOT}/Target Support Files/Pods-Deary/Pods-Deary-frameworks-${CONFIGURATION}-input-files.xcfilelist",
			);
			name = "[CP] Embed Pods Frameworks";
			outputFileListPaths = (
				"${PODS_ROOT}/Target Support Files/Pods-Deary/Pods-Deary-frameworks-${CONFIGURATION}-output-files.xcfilelist",
			);
			runOnlyForDeploymentPostprocessing = 0;
			shellPath = /bin/sh;
			shellScript = "\"${PODS_ROOT}/Target Support Files/Pods-Deary/Pods-Deary-frameworks.sh\"\n";
			showEnvVarsInLog = 0;
		};
		D71AB6D2B53D3E170A6120B8 /* [CP-User] Run Flutter Build deary_flutter_module Script */ = {
			isa = PBXShellScriptBuildPhase;
			buildActionMask = 2147483647;
			files = (
			);
			inputPaths = (
				"${SRCROOT}/../deary_flutter_module/.metadata",
				"${SRCROOT}/../deary_flutter_module/.ios/Flutter/App.framework/App",
				"${SRCROOT}/../deary_flutter_module/.ios/Flutter/engine/Flutter.framework/Flutter",
				"${SRCROOT}/../deary_flutter_module/.ios/Flutter/flutter_export_environment.sh",
			);
			name = "[CP-User] Run Flutter Build deary_flutter_module Script";
			runOnlyForDeploymentPostprocessing = 0;
			shellPath = /bin/sh;
			shellScript = "set -e\nset -u\nsource \"${SRCROOT}/../deary_flutter_module/.ios/Flutter/flutter_export_environment.sh\"\n\"$FLUTTER_ROOT\"/packages/flutter_tools/bin/xcode_backend.sh build\n";
		};
/* End PBXShellScriptBuildPhase section */

/* Begin PBXSourcesBuildPhase section */
		306DD1EA25008EF3001358C2 /* Sources */ = {
			isa = PBXSourcesBuildPhase;
			buildActionMask = 2147483647;
			files = (
				306DD1F925008EF3001358C2 /* ViewController.m in Sources */,
				306DD1F325008EF3001358C2 /* AppDelegate.m in Sources */,
				306DD20425008EF5001358C2 /* main.m in Sources */,
				306DD1F625008EF3001358C2 /* SceneDelegate.m in Sources */,
			);
			runOnlyForDeploymentPostprocessing = 0;
		};
/* End PBXSourcesBuildPhase section */

/* Begin PBXVariantGroup section */
		306DD1FA25008EF3001358C2 /* Main.storyboard */ = {
			isa = PBXVariantGroup;
			children = (
				306DD1FB25008EF3001358C2 /* Base */,
			);
			name = Main.storyboard;
			sourceTree = "<group>";
		};
		306DD1FF25008EF5001358C2 /* LaunchScreen.storyboard */ = {
			isa = PBXVariantGroup;
			children = (
				306DD20025008EF5001358C2 /* Base */,
			);
			name = LaunchScreen.storyboard;
			sourceTree = "<group>";
		};
/* End PBXVariantGroup section */

/* Begin XCBuildConfiguration section */
		306DD20525008EF5001358C2 /* Debug */ = {
			isa = XCBuildConfiguration;
			buildSettings = {
				ALWAYS_SEARCH_USER_PATHS = NO;
				CLANG_ANALYZER_NONNULL = YES;
				CLANG_ANALYZER_NUMBER_OBJECT_CONVERSION = YES_AGGRESSIVE;
				CLANG_CXX_LANGUAGE_STANDARD = "gnu++14";
				CLANG_CXX_LIBRARY = "libc++";
				CLANG_ENABLE_MODULES = YES;
				CLANG_ENABLE_OBJC_ARC = YES;
				CLANG_ENABLE_OBJC_WEAK = YES;
				CLANG_WARN_BLOCK_CAPTURE_AUTORELEASING = YES;
				CLANG_WARN_BOOL_CONVERSION = YES;
				CLANG_WARN_COMMA = YES;
				CLANG_WARN_CONSTANT_CONVERSION = YES;
				CLANG_WARN_DEPRECATED_OBJC_IMPLEMENTATIONS = YES;
				CLANG_WARN_DIRECT_OBJC_ISA_USAGE = YES_ERROR;
				CLANG_WARN_DOCUMENTATION_COMMENTS = YES;
				CLANG_WARN_EMPTY_BODY = YES;
				CLANG_WARN_ENUM_CONVERSION = YES;
				CLANG_WARN_INFINITE_RECURSION = YES;
				CLANG_WARN_INT_CONVERSION = YES;
				CLANG_WARN_NON_LITERAL_NULL_CONVERSION = YES;
				CLANG_WARN_OBJC_IMPLICIT_RETAIN_SELF = YES;
				CLANG_WARN_OBJC_LITERAL_CONVERSION = YES;
				CLANG_WARN_OBJC_ROOT_CLASS = YES_ERROR;
				CLANG_WARN_RANGE_LOOP_ANALYSIS = YES;
				CLANG_WARN_STRICT_PROTOTYPES = YES;
				CLANG_WARN_SUSPICIOUS_MOVE = YES;
				CLANG_WARN_UNGUARDED_AVAILABILITY = YES_AGGRESSIVE;
				CLANG_WARN_UNREACHABLE_CODE = YES;
				CLANG_WARN__DUPLICATE_METHOD_MATCH = YES;
				COPY_PHASE_STRIP = NO;
				DEBUG_INFORMATION_FORMAT = dwarf;
				ENABLE_STRICT_OBJC_MSGSEND = YES;
				ENABLE_TESTABILITY = YES;
				GCC_C_LANGUAGE_STANDARD = gnu11;
				GCC_DYNAMIC_NO_PIC = NO;
				GCC_NO_COMMON_BLOCKS = YES;
				GCC_OPTIMIZATION_LEVEL = 0;
				GCC_PREPROCESSOR_DEFINITIONS = (
					"DEBUG=1",
					"$(inherited)",
				);
				GCC_WARN_64_TO_32_BIT_CONVERSION = YES;
				GCC_WARN_ABOUT_RETURN_TYPE = YES_ERROR;
				GCC_WARN_UNDECLARED_SELECTOR = YES;
				GCC_WARN_UNINITIALIZED_AUTOS = YES_AGGRESSIVE;
				GCC_WARN_UNUSED_FUNCTION = YES;
				GCC_WARN_UNUSED_VARIABLE = YES;
				IPHONEOS_DEPLOYMENT_TARGET = 13.5;
				MTL_ENABLE_DEBUG_INFO = INCLUDE_SOURCE;
				MTL_FAST_MATH = YES;
				ONLY_ACTIVE_ARCH = YES;
				SDKROOT = iphoneos;
			};
			name = Debug;
		};
		306DD20625008EF5001358C2 /* Release */ = {
			isa = XCBuildConfiguration;
			buildSettings = {
				ALWAYS_SEARCH_USER_PATHS = NO;
				CLANG_ANALYZER_NONNULL = YES;
				CLANG_ANALYZER_NUMBER_OBJECT_CONVERSION = YES_AGGRESSIVE;
				CLANG_CXX_LANGUAGE_STANDARD = "gnu++14";
				CLANG_CXX_LIBRARY = "libc++";
				CLANG_ENABLE_MODULES = YES;
				CLANG_ENABLE_OBJC_ARC = YES;
				CLANG_ENABLE_OBJC_WEAK = YES;
				CLANG_WARN_BLOCK_CAPTURE_AUTORELEASING = YES;
				CLANG_WARN_BOOL_CONVERSION = YES;
				CLANG_WARN_COMMA = YES;
				CLANG_WARN_CONSTANT_CONVERSION = YES;
				CLANG_WARN_DEPRECATED_OBJC_IMPLEMENTATIONS = YES;
				CLANG_WARN_DIRECT_OBJC_ISA_USAGE = YES_ERROR;
				CLANG_WARN_DOCUMENTATION_COMMENTS = YES;
				CLANG_WARN_EMPTY_BODY = YES;
				CLANG_WARN_ENUM_CONVERSION = YES;
				CLANG_WARN_INFINITE_RECURSION = YES;
				CLANG_WARN_INT_CONVERSION = YES;
				CLANG_WARN_NON_LITERAL_NULL_CONVERSION = YES;
				CLANG_WARN_OBJC_IMPLICIT_RETAIN_SELF = YES;
				CLANG_WARN_OBJC_LITERAL_CONVERSION = YES;
				CLANG_WARN_OBJC_ROOT_CLASS = YES_ERROR;
				CLANG_WARN_RANGE_LOOP_ANALYSIS = YES;
				CLANG_WARN_STRICT_PROTOTYPES = YES;
				CLANG_WARN_SUSPICIOUS_MOVE = YES;
				CLANG_WARN_UNGUARDED_AVAILABILITY = YES_AGGRESSIVE;
				CLANG_WARN_UNREACHABLE_CODE = YES;
				CLANG_WARN__DUPLICATE_METHOD_MATCH = YES;
				COPY_PHASE_STRIP = NO;
				DEBUG_INFORMATION_FORMAT = "dwarf-with-dsym";
				ENABLE_NS_ASSERTIONS = NO;
				ENABLE_STRICT_OBJC_MSGSEND = YES;
				GCC_C_LANGUAGE_STANDARD = gnu11;
				GCC_NO_COMMON_BLOCKS = YES;
				GCC_WARN_64_TO_32_BIT_CONVERSION = YES;
				GCC_WARN_ABOUT_RETURN_TYPE = YES_ERROR;
				GCC_WARN_UNDECLARED_SELECTOR = YES;
				GCC_WARN_UNINITIALIZED_AUTOS = YES_AGGRESSIVE;
				GCC_WARN_UNUSED_FUNCTION = YES;
				GCC_WARN_UNUSED_VARIABLE = YES;
				IPHONEOS_DEPLOYMENT_TARGET = 13.5;
				MTL_ENABLE_DEBUG_INFO = NO;
				MTL_FAST_MATH = YES;
				SDKROOT = iphoneos;
				VALIDATE_PRODUCT = YES;
			};
			name = Release;
		};
		306DD20825008EF5001358C2 /* Debug */ = {
			isa = XCBuildConfiguration;
			baseConfigurationReference = A06A41FADE3C35EF59675FB8 /* Pods-Deary.debug.xcconfig */;
			buildSettings = {
				ASSETCATALOG_COMPILER_APPICON_NAME = AppIcon;
				CODE_SIGN_IDENTITY = "Apple Development";
				CODE_SIGN_STYLE = Automatic;
				DEVELOPMENT_TEAM = ZV32UX572C;
				INFOPLIST_FILE = Deary/Info.plist;
				LD_RUNPATH_SEARCH_PATHS = (
					"$(inherited)",
					"@executable_path/Frameworks",
				);
				PRODUCT_BUNDLE_IDENTIFIER = com.zhenzhen.dearing;
				PRODUCT_NAME = "$(TARGET_NAME)";
				PROVISIONING_PROFILE_SPECIFIER = "";
				TARGETED_DEVICE_FAMILY = "1,2";
			};
			name = Debug;
		};
		306DD20925008EF5001358C2 /* Release */ = {
			isa = XCBuildConfiguration;
			baseConfigurationReference = 9BDCC7A804536921B3EA0353 /* Pods-Deary.release.xcconfig */;
			buildSettings = {
				ASSETCATALOG_COMPILER_APPICON_NAME = AppIcon;
				CODE_SIGN_IDENTITY = "Apple Development";
				CODE_SIGN_STYLE = Automatic;
				DEVELOPMENT_TEAM = ZV32UX572C;
				INFOPLIST_FILE = Deary/Info.plist;
				LD_RUNPATH_SEARCH_PATHS = (
					"$(inherited)",
					"@executable_path/Frameworks",
				);
				PRODUCT_BUNDLE_IDENTIFIER = com.zhenzhen.dearing;
				PRODUCT_NAME = "$(TARGET_NAME)";
				PROVISIONING_PROFILE_SPECIFIER = "";
				TARGETED_DEVICE_FAMILY = "1,2";
			};
			name = Release;
		};
/* End XCBuildConfiguration section */

/* Begin XCConfigurationList section */
		306DD1E925008EF3001358C2 /* Build configuration list for PBXProject "Deary" */ = {
			isa = XCConfigurationList;
			buildConfigurations = (
				306DD20525008EF5001358C2 /* Debug */,
				306DD20625008EF5001358C2 /* Release */,
			);
			defaultConfigurationIsVisible = 0;
			defaultConfigurationName = Release;
		};
		306DD20725008EF5001358C2 /* Build configuration list for PBXNativeTarget "Deary" */ = {
			isa = XCConfigurationList;
			buildConfigurations = (
				306DD20825008EF5001358C2 /* Debug */,
				306DD20925008EF5001358C2 /* Release */,
			);
			defaultConfigurationIsVisible = 0;
			defaultConfigurationName = Release;
		};
/* End XCConfigurationList section */
	};
	rootObject = 306DD1E625008EF3001358C2 /* Project object */;
}
